
Microsoft Visual Studio Solution File, Format Version 12.00
# Visual Studio 2013
VisualStudioVersion = 12.0.31101.0
MinimumVisualStudioVersion = 10.0.40219.1
Project("{FAE04EC0-301F-11D3-BF4B-00C04F79EFBC}") = "mu13.ODataBackend", "ODataBackend/mu13.ODataBackend.csproj", "{FE73C969-BD08-4786-9F95-4801A402DBD4}"
EndProject
Project("{FAE04EC0-301F-11D3-BF4B-00C04F79EFBC}") = "mu13.Objects", "Objects/mu13.Objects.csproj", "{3123EFC1-8EEF-4D79-AD76-0F1AF9354057}"
EndProject
Global
	GlobalSection(SolutionConfigurationPlatforms) = preSolution
Debug|Any CPU = Debug|Any CPU
Release|Any CPU = Release|Any CPU
	EndGlobalSection
	GlobalSection(ProjectConfigurationPlatforms) = postSolution
		{FE73C969-BD08-4786-9F95-4801A402DBD4}.Debug|Any CPU.ActiveCfg = Debug|Any CPU
		{FE73C969-BD08-4786-9F95-4801A402DBD4}.Debug|Any CPU.Build.0 = Debug|Any CPU
		{FE73C969-BD08-4786-9F95-4801A402DBD4}.Release|Any CPU.ActiveCfg = Release|Any CPU
		{FE73C969-BD08-4786-9F95-4801A402DBD4}.Release|Any CPU.Build.0 = Release|Any CPU
		{3123EFC1-8EEF-4D79-AD76-0F1AF9354057}.Debug|Any CPU.ActiveCfg = Debug|Any CPU
		{3123EFC1-8EEF-4D79-AD76-0F1AF9354057}.Debug|Any CPU.Build.0 = Debug|Any CPU
		{3123EFC1-8EEF-4D79-AD76-0F1AF9354057}.Release|Any CPU.ActiveCfg = Release|Any CPU
		{3123EFC1-8EEF-4D79-AD76-0F1AF9354057}.Release|Any CPU.Build.0 = Release|Any CPU
	EndGlobalSection
	GlobalSection(SolutionProperties) = preSolution
		HideSolutionNode = FALSE
	EndGlobalSection
EndGlobal
